PODS:
  - fake_weibo (0.0.1):
    - Flutter
    - Weibo_SDK (~> 3.2.5.1)
  - Flutter (1.0.0)
  - Weibo_SDK (3.2.5.1)

DEPENDENCIES:
  - fake_weibo (from `.symlinks/plugins/fake_weibo/ios`)
  - Flutter (from `Flutter`)

SPEC REPOS:
  trunk:
    - Weibo_SDK

EXTERNAL SOURCES:
  fake_weibo:
    :path: ".symlinks/plugins/fake_weibo/ios"
  Flutter:
    :path: Flutter

SPEC CHECKSUMS:
  fake_weibo: 389919d952e8ed6741b4e70eb39a25b27cf21538
  Flutter: 0e3d915762c693b495b44d77113d4970485de6ec
  Weibo_SDK: 76455315cb43d6a63c1990bf91483f05a98d45fd

PODFILE CHECKSUM: 1b66dae606f75376c5f2135a8290850eeb09ae83

COCOAPODS: 1.8.4
